
Microsoft Visual Studio Solution File, Format Version 12.00
# Visual Studio 14
VisualStudioVersion = 14.0.23107.0
MinimumVisualStudioVersion = 10.0.40219.1
Project("{FAE04EC0-301F-11D3-BF4B-00C04F79EFBC}") = "BowlingKata.Tests", "BowlingKata.Tests\BowlingKata.Tests.csproj", "{40F11587-80B5-487C-8BE1-DA3D58FF59D7}"
EndProject
Project("{FAE04EC0-301F-11D3-BF4B-00C04F79EFBC}") = "BowlingKataProject", "BowlingKataProject\BowlingKataProject.csproj", "{9E017C78-CEE3-45CE-BD0D-61D5AD4D6DB2}"
EndProject
Global
	GlobalSection(SolutionConfigurationPlatforms) = preSolution
		Debug|Any CPU = Debug|Any CPU
		Release|Any CPU = Release|Any CPU
	EndGlobalSection
	GlobalSection(ProjectConfigurationPlatforms) = postSolution
		{40F11587-80B5-487C-8BE1-DA3D58FF59D7}.Debug|Any CPU.ActiveCfg = Debug|Any CPU
		{40F11587-80B5-487C-8BE1-DA3D58FF59D7}.Debug|Any CPU.Build.0 = Debug|Any CPU
		{40F11587-80B5-487C-8BE1-DA3D58FF59D7}.Release|Any CPU.ActiveCfg = Release|Any CPU
		{40F11587-80B5-487C-8BE1-DA3D58FF59D7}.Release|Any CPU.Build.0 = Release|Any CPU
		{9E017C78-CEE3-45CE-BD0D-61D5AD4D6DB2}.Debug|Any CPU.ActiveCfg = Debug|Any CPU
		{9E017C78-CEE3-45CE-BD0D-61D5AD4D6DB2}.Debug|Any CPU.Build.0 = Debug|Any CPU
		{9E017C78-CEE3-45CE-BD0D-61D5AD4D6DB2}.Release|Any CPU.ActiveCfg = Release|Any CPU
		{9E017C78-CEE3-45CE-BD0D-61D5AD4D6DB2}.Release|Any CPU.Build.0 = Release|Any CPU
	EndGlobalSection
	GlobalSection(SolutionProperties) = preSolution
		HideSolutionNode = FALSE
	EndGlobalSection
EndGlobal
