
Microsoft Visual Studio Solution File, Format Version 12.00
# Visual Studio 14
VisualStudioVersion = 14.0.23107.0
MinimumVisualStudioVersion = 10.0.40219.1
Project("{FAE04EC0-301F-11D3-BF4B-00C04F79EFBC}") = "FizzBuzz", "FizzBuzz\FizzBuzz.csproj", "{0106C028-42CE-48D3-95A7-B5D42B21C461}"
EndProject
Project("{FAE04EC0-301F-11D3-BF4B-00C04F79EFBC}") = "FizzBuzz.Library", "FizzBuzz.Library\FizzBuzz.Library.csproj", "{45183738-65F4-4B2B-90EC-EC0D1AF27B36}"
EndProject
Project("{FAE04EC0-301F-11D3-BF4B-00C04F79EFBC}") = "FizzBuzz.Library.Tests", "FizzBuzz.Library.Tests\FizzBuzz.Library.Tests.csproj", "{17FC8A60-C781-415D-86A2-184EDBB049EE}"
EndProject
Global
	GlobalSection(SolutionConfigurationPlatforms) = preSolution
		Debug|Any CPU = Debug|Any CPU
		Release|Any CPU = Release|Any CPU
	EndGlobalSection
	GlobalSection(ProjectConfigurationPlatforms) = postSolution
		{0106C028-42CE-48D3-95A7-B5D42B21C461}.Debug|Any CPU.ActiveCfg = Debug|Any CPU
		{0106C028-42CE-48D3-95A7-B5D42B21C461}.Debug|Any CPU.Build.0 = Debug|Any CPU
		{0106C028-42CE-48D3-95A7-B5D42B21C461}.Release|Any CPU.ActiveCfg = Release|Any CPU
		{0106C028-42CE-48D3-95A7-B5D42B21C461}.Release|Any CPU.Build.0 = Release|Any CPU
		{45183738-65F4-4B2B-90EC-EC0D1AF27B36}.Debug|Any CPU.ActiveCfg = Debug|Any CPU
		{45183738-65F4-4B2B-90EC-EC0D1AF27B36}.Debug|Any CPU.Build.0 = Debug|Any CPU
		{45183738-65F4-4B2B-90EC-EC0D1AF27B36}.Release|Any CPU.ActiveCfg = Release|Any CPU
		{45183738-65F4-4B2B-90EC-EC0D1AF27B36}.Release|Any CPU.Build.0 = Release|Any CPU
		{17FC8A60-C781-415D-86A2-184EDBB049EE}.Debug|Any CPU.ActiveCfg = Debug|Any CPU
		{17FC8A60-C781-415D-86A2-184EDBB049EE}.Debug|Any CPU.Build.0 = Debug|Any CPU
		{17FC8A60-C781-415D-86A2-184EDBB049EE}.Release|Any CPU.ActiveCfg = Release|Any CPU
		{17FC8A60-C781-415D-86A2-184EDBB049EE}.Release|Any CPU.Build.0 = Release|Any CPU
	EndGlobalSection
	GlobalSection(SolutionProperties) = preSolution
		HideSolutionNode = FALSE
	EndGlobalSection
EndGlobal
